
Microsoft Visual Studio Solution File, Format Version 12.00
# Visual Studio Version 17
VisualStudioVersion = 17.12.35527.113 d17.12
MinimumVisualStudioVersion = 10.0.40219.1
Project("{FAE04EC0-301F-11D3-BF4B-00C04F79EFBC}") = "Producer", "Producer\Producer.csproj", "{21FF372F-461C-4E0E-B66B-141595C18428}"
EndProject
Project("{FAE04EC0-301F-11D3-BF4B-00C04F79EFBC}") = "Contracts", "Contracts\Contracts.csproj", "{A7175AFD-611F-4C15-B73B-240055B3F70A}"
EndProject
Project("{FAE04EC0-301F-11D3-BF4B-00C04F79EFBC}") = "Consumer", "Consumer\Consumer.csproj", "{6C9B6BAE-3207-4549-9B9A-B898AA38746D}"
EndProject
Global
	GlobalSection(SolutionConfigurationPlatforms) = preSolution
		Debug|Any CPU = Debug|Any CPU
		Release|Any CPU = Release|Any CPU
	EndGlobalSection
	GlobalSection(ProjectConfigurationPlatforms) = postSolution
		{21FF372F-461C-4E0E-B66B-141595C18428}.Debug|Any CPU.ActiveCfg = Debug|Any CPU
		{21FF372F-461C-4E0E-B66B-141595C18428}.Debug|Any CPU.Build.0 = Debug|Any CPU
		{21FF372F-461C-4E0E-B66B-141595C18428}.Release|Any CPU.ActiveCfg = Release|Any CPU
		{21FF372F-461C-4E0E-B66B-141595C18428}.Release|Any CPU.Build.0 = Release|Any CPU
		{A7175AFD-611F-4C15-B73B-240055B3F70A}.Debug|Any CPU.ActiveCfg = Debug|Any CPU
		{A7175AFD-611F-4C15-B73B-240055B3F70A}.Debug|Any CPU.Build.0 = Debug|Any CPU
		{A7175AFD-611F-4C15-B73B-240055B3F70A}.Release|Any CPU.ActiveCfg = Release|Any CPU
		{A7175AFD-611F-4C15-B73B-240055B3F70A}.Release|Any CPU.Build.0 = Release|Any CPU
		{6C9B6BAE-3207-4549-9B9A-B898AA38746D}.Debug|Any CPU.ActiveCfg = Debug|Any CPU
		{6C9B6BAE-3207-4549-9B9A-B898AA38746D}.Debug|Any CPU.Build.0 = Debug|Any CPU
		{6C9B6BAE-3207-4549-9B9A-B898AA38746D}.Release|Any CPU.ActiveCfg = Release|Any CPU
		{6C9B6BAE-3207-4549-9B9A-B898AA38746D}.Release|Any CPU.Build.0 = Release|Any CPU
	EndGlobalSection
	GlobalSection(SolutionProperties) = preSolution
		HideSolutionNode = FALSE
	EndGlobalSection
EndGlobal
